{
  "content-and-copy": {
    "SKILL.md": "81daa6c8e6c4ec9470aecfde499c2105bf199f7989ba732f317b7e0002198614",
    "references/content-brief-template.md": "a487a56e9d243bf47f4871fad371779a92416507157d1b2c6138bc8d0382c7a0",
    "references/content-edit-checklist.md": "050aef4e1a1476bc36f9f368d147810ad54d7ed22bca6ca0ecb281f77840f2f9"
  },
  "content-strategy": {
    "SKILL.md": "a4babe955d187232db9526e14a1f12f2b8e6f1c1b7f5a06e67bba5fbb14dc9ab",
    "references/content-strategy-template.md": "6707df3af82ddf656f3aeb945359ec9df0852e63c49590516d569581fe5a946a",
    "references/editorial-calendar-template.md": "feb36bd8373c725f6a13418457e872cca7f63fe7256189233644338453d3130e"
  },
  "programmatic-seo": {
    "SKILL.md": "ad2c72e0c92938c1ee7ce41e7cff95d4f2af10e8697e3a4020335c280265105a",
    "references/aeo-geo-for-programmatic-pages.md": "f04d05294b10277eb867c46f6eabd2266edce2712f2bac9602af10be829f87f6",
    "references/common-pseo-failures.md": "b0a2e494867adabfc5fb189ee75d232a366e4888a84cc407819570364e4bcfb2",
    "references/crawl-budget-management.md": "5f6b2aa8c412dd3676ce33ba222818aed199a77f81b191f4477b8cd3578329ef",
    "references/data-source-identification-patterns.md": "2f5b6722b920a9c656ff00a4cc1131df47f5cf72b0175485e777d0201d390663",
    "references/internal-linking-at-scale.md": "89f218ad8f63b6289f6cd3dac10ba1c7fda60177c42400b29efccc3363c4755b",
    "references/quality-control-at-scale.md": "ff90f0add9dc35e969b8d9362150ee8b48a834378bd262c48d25272c0717df53",
    "references/refresh-at-scale.md": "b8535c4698d65b4ed8b5d0a98922b63b5cc8ef1837deb4fac04b687247c0a955",
    "references/schema-design-patterns.md": "fe7a97b09dcd4d1e9d477b8cb9c8ac433d86ce389a070b634029e2c21578d8f9",
    "references/template-design-patterns.md": "74077b84135df3f90a9b03e41cb053481e33443eee18892698a98a2f5d2dcc90",
    "references/when-pseo-works-decision.md": "3033a8f6687e9533fb0ff996267b80ef48a1e964b23694c8706b1ec1213bedc4"
  },
  "seo-aeo-geo": {
    "SKILL.md": "813fb96dafaba986eaf1d564b6c0194e58f7161181f802406165d0f7d68c8d56",
    "references/extraction-friendly-patterns.md": "85b0653394d246a848e1bec3c6595d4d19f6156e209de66871aea07e0883490f",
    "references/llms-txt-guide.md": "008c48e172172ae440564956e7486014b91fdd93831bdcdc52e2dfbae3a00063"
  },
  "seo-competitor": {
    "SKILL.md": "b43a744d3e0bf204e58dccb48552ee6b8c5988ccaeff22744b9dc12f9b3aeb0e",
    "references/competitive-audit-template.md": "0fe2971545f422c63edcb9aab9c6dbd87c80397617b65cb6da7eb63e9ffb133b",
    "references/content-gap-method.md": "c330977140a343b11f7fab31972c4cc1b77d35f8c9dc5dd0807f964da9773994"
  },
  "seo-content-audit": {
    "SKILL.md": "002813f1cb87ee0477b59c8b4cdbae7f276643507e98c60760ced43f5c1b3129",
    "references/audit-template.md": "fd85c836d4bf3baf72565cce07018a510e0f905b68690a199bc2acfa52465028",
    "references/cannibalization-resolution.md": "1644a14351a85bf12fedb57b495ea95eb4b0f3f9a503777913023ce721740637"
  },
  "seo-keyword": {
    "SKILL.md": "48b2ba227409a42749454c9ee5e579581435a3e51b6305ba1de0fea729700ad0",
    "references/intent-classification-guide.md": "8570e2862107ee41e856f47d8410a07182329751f21861b0c32bb0ea692e6c01",
    "references/keyword-research-template.md": "68d252b32e2c977a8ecf5bf2b5c9583316e6aaff3cdb257a7cd362ba3d1c57c5"
  },
  "seo-onpage": {
    "SKILL.md": "06e7759b22585cb673b44a492b7343ebb9f345669fca60fe509706602587077b",
    "references/audit-template.md": "e533f58b133340d11467232c5303a42e0467b723975a82de10965f34dcb41071",
    "references/onpage-checklist.md": "4d2938783d3ac9a6a4f942b732bf752d031f13f83275baaa01e71df11245d21d",
    "references/title-and-meta-patterns.md": "174d10417509e11d5c3654d0e4e018343f79e5bec317fa55d8003f7988c67ae6"
  },
  "seo-site-health-audit": {
    "SKILL.md": "c6dbbbc974665cb6d08c1bab79577acd79100033259476160ff47e53adbdecb0",
    "references/issue-impact-table.md": "3380c9ebfe0861c477c438088f9c160eb55b6c756eb948c64ac7f783323336e7"
  },
  "seo-technical": {
    "SKILL.md": "fee193ee3f4be95e36966e7968110b2f9ca1ab2d5f5313f12a38d8462c85480c",
    "references/audit-template.md": "1be66990a30a44f6cfac1f6cd89494d513954375571aba48782d110cabc587a6",
    "references/migration-checklist.md": "7f9a4dbdd9653d4a2d8a9c8795376562ac26545568db6f493a21c3f5bc485bb9"
  },
  "seo-traffic-diagnosis": {
    "SKILL.md": "5fbdd8fb9bdd2d10b70119cdd22d17fcece4f5eb0306ec862248cd5bb360232a",
    "references/diagnosis-checklist.md": "f1d2a4bff1a9b764e6523b3f17fc78a4e6f9515ff939ff05346326106e933848"
  },
  "skill-creation-walkthrough": {
    "SKILL.md": "d9562ff1d9ee3620cf728d0b7a062f2cc1a58508fcf9043b344bf23805e5608e",
    "references/description-cookbook.md": "b174690a9064f7b0cddb6aa289951321ecf96c34a7e18eed3307741fc0c76688",
    "references/methodology-vs-implementation.md": "f4fc2991e1ee8cafc3ed976dc3bbab10ceaee3a362df7e9b9461f9f491f64557",
    "references/skill-template.md": "f0e0e61d8183b9ad71179a060d99bea7f997f70f2e58e0d191491200f3213a93"
  }
}
